Microsoft Visual Studio Solution File, Format Version 12.00
# Visual Studio Version 17
VisualStudioVersion = 17.5.2.0
MinimumVisualStudioVersion = 10.0.40219.1
Project("{FAE04EC0-301F-11D3-BF4B-00C04F79EFBC}") = "Aula_02Bet", "Aula_02Bet.csproj", "{9E439BBE-372C-82A6-1403-A0F6AB2D2438}"
EndProject
Global
	GlobalSection(SolutionConfigurationPlatforms) = preSolution
		Debug|Any CPU = Debug|Any CPU
		Release|Any CPU = Release|Any CPU
	EndGlobalSection
	GlobalSection(ProjectConfigurationPlatforms) = postSolution
		{9E439BBE-372C-82A6-1403-A0F6AB2D2438}.Debug|Any CPU.ActiveCfg = Debug|Any CPU
		{9E439BBE-372C-82A6-1403-A0F6AB2D2438}.Debug|Any CPU.Build.0 = Debug|Any CPU
		{9E439BBE-372C-82A6-1403-A0F6AB2D2438}.Release|Any CPU.ActiveCfg = Release|Any CPU
		{9E439BBE-372C-82A6-1403-A0F6AB2D2438}.Release|Any CPU.Build.0 = Release|Any CPU
	EndGlobalSection
	GlobalSection(SolutionProperties) = preSolution
		HideSolutionNode = FALSE
	EndGlobalSection
	GlobalSection(ExtensibilityGlobals) = postSolution
		SolutionGuid = {2FA5E811-10B6-4554-80E4-044C446E3103}
	EndGlobalSection
EndGlobal
